
Microsoft Visual Studio Solution File, Format Version 12.00
# Visual Studio Version 17
VisualStudioVersion = 17.7.34031.279
MinimumVisualStudioVersion = 10.0.40219.1
Project("{FAE04EC0-301F-11D3-BF4B-00C04F79EFBC}") = "ejercicio8Array", "ejercicio8Array.csproj", "{7F4DADDB-6982-4D91-B804-5455D3ACD799}"
EndProject
Global
	GlobalSection(SolutionConfigurationPlatforms) = preSolution
		Debug|Any CPU = Debug|Any CPU
		Release|Any CPU = Release|Any CPU
	EndGlobalSection
	GlobalSection(ProjectConfigurationPlatforms) = postSolution
		{7F4DADDB-6982-4D91-B804-5455D3ACD799}.Debug|Any CPU.ActiveCfg = Debug|Any CPU
		{7F4DADDB-6982-4D91-B804-5455D3ACD799}.Debug|Any CPU.Build.0 = Debug|Any CPU
		{7F4DADDB-6982-4D91-B804-5455D3ACD799}.Release|Any CPU.ActiveCfg = Release|Any CPU
		{7F4DADDB-6982-4D91-B804-5455D3ACD799}.Release|Any CPU.Build.0 = Release|Any CPU
	EndGlobalSection
	GlobalSection(SolutionProperties) = preSolution
		HideSolutionNode = FALSE
	EndGlobalSection
	GlobalSection(ExtensibilityGlobals) = postSolution
		SolutionGuid = {15431322-62EA-4EFF-8853-6CF15D3C017E}
	EndGlobalSection
EndGlobal
